<?xml version="1.0" encoding="utf-8"?>
<Project ToolsVersion="4.0" xmlns="http://schemas.microsoft.com/developer/msbuild/2003">
  <ItemGroup>
    <Filter Include="Source Files">
      <UniqueIdentifier>{4FC737F1-C7A5-4376-A066-2A32D752A2FF}</UniqueIdentifier>
      <Extensions>cpp;c;cc;cxx;def;odl;idl;hpj;bat;asm;asmx</Extensions>
    </Filter>
    <Filter Include="Header Files">
      <UniqueIdentifier>{93995380-89BD-4b04-88EB-625FBE52EBFB}</UniqueIdentifier>
      <Extensions>h;hh;hpp;hxx;hm;inl;inc;ipp;xsd</Extensions>
    </Filter>
    <Filter Include="Resource Files">
      <UniqueIdentifier>{67DA6AB6-F800-4c08-8B7A-83BB121AAD01}</UniqueIdentifier>
      <Extensions>rc;ico;cur;bmp;dlg;rc2;rct;bin;rgs;gif;jpg;jpeg;jpe;resx;tiff;tif;png;wav;mfcribbon-ms</Extensions>
    </Filter>
    <Filter Include="Resource Files\OpenGL">
      <UniqueIdentifier>{3641ad1e-db49-45c5-88a7-ae4b07a4aaf1}</UniqueIdentifier>
    </Filter>
    <Filter Include="Resource Files\OpenGL\GLEW">
      <UniqueIdentifier>{77e634e8-abc8-426b-a6dc-fb3d334dbdb1}</UniqueIdentifier>
    </Filter>
    <Filter Include="Resource Files\OpenGL\GLFW">
      <UniqueIdentifier>{29446f16-a45e-494c-96e4-9acd7a6d9cc2}</UniqueIdentifier>
    </Filter>
    <Filter Include="Resource Files\Vendor">
      <UniqueIdentifier>{503a5a5d-149e-4b31-bca5-4981cab44147}</UniqueIdentifier>
    </Filter>
    <Filter Include="Resource Files\Vendor\ImGUI">
      <UniqueIdentifier>{a6400ae6-f071-4e2f-ac32-418dde9b3a40}</UniqueIdentifier>
    </Filter>
    <Filter Include="Source Files\Engine">
      <UniqueIdentifier>{31d58c5a-8eda-47f5-98db-cd2781c13494}</UniqueIdentifier>
    </Filter>
    <Filter Include="Source Files\Engine\Application">
      <UniqueIdentifier>{65cdbe7c-6caa-48bd-b138-d6a561df13da}</UniqueIdentifier>
    </Filter>
    <Filter Include="Source Files\Engine\CoreItems">
      <UniqueIdentifier>{d4b4cbf4-c873-4e2a-9d70-792de0f2f4bc}</UniqueIdentifier>
    </Filter>
    <Filter Include="Source Files\Engine\Application\Renderer">
      <UniqueIdentifier>{37cc614f-1ca9-4111-9abb-d619d6e30d87}</UniqueIdentifier>
    </Filter>
    <Filter Include="Source Files\Engine\Application\Renderer\VertexBuffer">
      <UniqueIdentifier>{96fca918-b797-460d-b90c-5d8f0325774c}</UniqueIdentifier>
    </Filter>
    <Filter Include="Source Files\Engine\Application\Renderer\Shader">
      <UniqueIdentifier>{9df79c51-67cd-45d4-9e37-f1e139f6c8c7}</UniqueIdentifier>
    </Filter>
    <Filter Include="Source Files\Engine\Application\Entity">
      <UniqueIdentifier>{48bb1fa9-b539-4127-8cf5-2614c129a827}</UniqueIdentifier>
    </Filter>
  </ItemGroup>
  <ItemGroup>
    <ClInclude Include="Application.h">
      <Filter>Source Files\Engine\Application</Filter>
    </ClInclude>
    <ClInclude Include="Mungus.h">
      <Filter>Source Files\Engine\CoreItems</Filter>
    </ClInclude>
    <ClInclude Include="EntryPoint.h">
      <Filter>Source Files\Engine\CoreItems</Filter>
    </ClInclude>
    <ClInclude Include="Core.h">
      <Filter>Source Files\Engine\CoreItems</Filter>
    </ClInclude>
    <ClInclude Include="Renderer.h">
      <Filter>Source Files\Engine\Application\Renderer</Filter>
    </ClInclude>
    <ClInclude Include="VertexBuffer.h">
      <Filter>Source Files\Engine\Application\Renderer\VertexBuffer</Filter>
    </ClInclude>
    <ClInclude Include="Entity.h">
      <Filter>Source Files\Engine\Application\Entity</Filter>
    </ClInclude>
    <ClInclude Include="stdafx.h">
      <Filter>Source Files\Engine\CoreItems</Filter>
    </ClInclude>
    <ClInclude Include="Resources\Vendor\imgui\imconfig.h">
      <Filter>Resource Files\Vendor\ImGUI</Filter>
    </ClInclude>
    <ClInclude Include="Resources\Vendor\imgui\imgui.h">
      <Filter>Resource Files\Vendor\ImGUI</Filter>
    </ClInclude>
    <ClInclude Include="Resources\Vendor\imgui\imgui_impl_glfw.h">
      <Filter>Resource Files\Vendor\ImGUI</Filter>
    </ClInclude>
    <ClInclude Include="Resources\Vendor\imgui\imgui_impl_opengl3.h">
      <Filter>Resource Files\Vendor\ImGUI</Filter>
    </ClInclude>
    <ClInclude Include="Resources\Vendor\imgui\imgui_internal.h">
      <Filter>Resource Files\Vendor\ImGUI</Filter>
    </ClInclude>
    <ClInclude Include="Resources\Vendor\imgui\imstb_rectpack.h">
      <Filter>Resource Files\Vendor\ImGUI</Filter>
    </ClInclude>
    <ClInclude Include="Resources\Vendor\imgui\imstb_textedit.h">
      <Filter>Resource Files\Vendor\ImGUI</Filter>
    </ClInclude>
    <ClInclude Include="Resources\Vendor\imgui\imstb_truetype.h">
      <Filter>Resource Files\Vendor\ImGUI</Filter>
    </ClInclude>
    <ClInclude Include="Resources\OpenGL\GLFW\include\GLFW\glfw3.h">
      <Filter>Resource Files\OpenGL\GLFW</Filter>
    </ClInclude>
    <ClInclude Include="Resources\OpenGL\GLFW\include\GLFW\glfw3native.h">
      <Filter>Resource Files\OpenGL\GLFW</Filter>
    </ClInclude>
    <ClInclude Include="Resources\OpenGL\GLEW\include\GL\eglew.h">
      <Filter>Resource Files\OpenGL\GLEW</Filter>
    </ClInclude>
    <ClInclude Include="Resources\OpenGL\GLEW\include\GL\glew.h">
      <Filter>Resource Files\OpenGL\GLEW</Filter>
    </ClInclude>
    <ClInclude Include="Resources\OpenGL\GLEW\include\GL\glxew.h">
      <Filter>Resource Files\OpenGL\GLEW</Filter>
    </ClInclude>
    <ClInclude Include="Resources\OpenGL\GLEW\include\GL\wglew.h">
      <Filter>Resource Files\OpenGL\GLEW</Filter>
    </ClInclude>
  </ItemGroup>
  <ItemGroup>
    <ClCompile Include="Application.cpp">
      <Filter>Source Files\Engine\Application</Filter>
    </ClCompile>
    <ClCompile Include="Renderer.cpp">
      <Filter>Source Files\Engine\Application\Renderer</Filter>
    </ClCompile>
    <ClCompile Include="VertexBuffer.cpp">
      <Filter>Source Files\Engine\Application\Renderer\VertexBuffer</Filter>
    </ClCompile>
    <ClCompile Include="Entity.cpp">
      <Filter>Source Files\Engine\Application\Entity</Filter>
    </ClCompile>
    <ClCompile Include="stdafx.cpp">
      <Filter>Source Files\Engine\CoreItems</Filter>
    </ClCompile>
    <ClCompile Include="Resources\Vendor\imgui\imgui.cpp">
      <Filter>Resource Files\Vendor\ImGUI</Filter>
    </ClCompile>
    <ClCompile Include="Resources\Vendor\imgui\imgui_demo.cpp">
      <Filter>Resource Files\Vendor\ImGUI</Filter>
    </ClCompile>
    <ClCompile Include="Resources\Vendor\imgui\imgui_draw.cpp">
      <Filter>Resource Files\Vendor\ImGUI</Filter>
    </ClCompile>
    <ClCompile Include="Resources\Vendor\imgui\imgui_impl_glfw.cpp">
      <Filter>Resource Files\Vendor\ImGUI</Filter>
    </ClCompile>
    <ClCompile Include="Resources\Vendor\imgui\imgui_impl_opengl3.cpp">
      <Filter>Resource Files\Vendor\ImGUI</Filter>
    </ClCompile>
    <ClCompile Include="Resources\Vendor\imgui\imgui_widgets.cpp">
      <Filter>Resource Files\Vendor\ImGUI</Filter>
    </ClCompile>
  </ItemGroup>
</Project>